# This file is automatically @generated by Cargo.
# It is not intended for manual editing.
version = 4

[[package]]
name = "md5"
version = "0.8.1"
source = "registry+https://github.com/rust-lang/crates.io-index"
checksum = "7ebb8d8732c6a6df3d8f032a82911cfc747e00efb95cc46e8d0acd5b5b88570c"

[[package]]
name = "smp-core"
version = "0.1.0"
dependencies = [
 "md5",
]
